{
  "name": "amt",
  "version": "1.0.0",
  "lockfileVersion": 1,
  "requires": true,
  "dependencies": {
    "@uirouter/angularjs": {
      "version": "1.0.15",
      "resolved": "https://registry.npmjs.org/@uirouter/angularjs/-/angularjs-1.0.15.tgz",
      "integrity": "sha512-qV+fz+OV5WRNNCXfeVO7nEcSSNESXOxLC0lXM9sv+IwTW6gyiynZ2wHP7fP2ETbr20sPxtbFC+kMVLzyiw/yIg==",
      "requires": {
        "@uirouter/core": "5.0.17"
      }
    },
    "@uirouter/core": {
      "version": "5.0.17",
      "resolved": "https://registry.npmjs.org/@uirouter/core/-/core-5.0.17.tgz",
      "integrity": "sha512-aJOSpaRbctGw24Mh74sonLwCyskl7KzFz7M0jRDqrd+eHZK6s/xxi4ZSNuGHRy6kF4x7195buQSJEo7u82t+rA=="
    },
    "angular": {
      "version": "1.6.9",
      "resolved": "https://registry.npmjs.org/angular/-/angular-1.6.9.tgz",
      "integrity": "sha512-6igWH2GIsxV+J38wNWCh8oyjaZsrIPIDO35twloIUyjlF2Yit6UyLAWujHP05ma/LFxTsx4NtYibRoMNBXPR1A=="
    },
    "angular-animate": {
      "version": "1.6.9",
      "resolved": "https://registry.npmjs.org/angular-animate/-/angular-animate-1.6.9.tgz",
      "integrity": "sha512-3/fqrmT6mJgB2O6oDvXDlNP6AJVqUXLWZq/P87Xo7Wt0JjcSmhJSQ02Yp7gm0Pkd5SXMKHICLpn/iEJPyse9fg=="
    },
    "angular-aria": {
      "version": "1.6.9",
      "resolved": "https://registry.npmjs.org/angular-aria/-/angular-aria-1.6.9.tgz",
      "integrity": "sha512-I2SR17Ux0o0R9KD3DRzjR5NNX3pUSKvtWYLFCLg22qvR5+736olCQSyptNIvKsvjALwfXBw1Irdlq0jyohDn+Q=="
    },
    "angular-chart.js": {
      "version": "1.1.1",
      "resolved": "https://registry.npmjs.org/angular-chart.js/-/angular-chart.js-1.1.1.tgz",
      "integrity": "sha1-SfDhjQgXYrbUyXkeSHr/L7sw9a4=",
      "requires": {
        "angular": "1.6.9",
        "chart.js": "2.3.0"
      },
      "dependencies": {
        "chart.js": {
          "version": "2.3.0",
          "resolved": "https://registry.npmjs.org/chart.js/-/chart.js-2.3.0.tgz",
          "integrity": "sha1-QEYOSOLEF8BfwzJc2E97AA3H19Y=",
          "requires": {
            "chartjs-color": "2.2.0",
            "moment": "2.21.0"
          }
        }
      }
    },
    "angular-material": {
      "version": "1.1.8",
      "resolved": "https://registry.npmjs.org/angular-material/-/angular-material-1.1.8.tgz",
      "integrity": "sha512-VNRKB3G65zb1ZNWThb5wyKCuYvjwW9O8O3RZQ4cnDXHxa6YdjnZvkEQnpsiuIvQyqP18itmM+NJZPOPGXxAIaQ=="
    },
    "angular-material-data-table": {
      "version": "0.10.10",
      "resolved": "https://registry.npmjs.org/angular-material-data-table/-/angular-material-data-table-0.10.10.tgz",
      "integrity": "sha1-IptAJ0XsGhRvB9qNHlJr5lQISe4="
    },
    "angular-material-icons": {
      "version": "0.7.1",
      "resolved": "https://registry.npmjs.org/angular-material-icons/-/angular-material-icons-0.7.1.tgz",
      "integrity": "sha1-5eq0hTthwzH1j55+blS24dZeT5s=",
      "requires": {
        "angular": "1.6.9"
      }
    },
    "angular-messages": {
      "version": "1.6.9",
      "resolved": "https://registry.npmjs.org/angular-messages/-/angular-messages-1.6.9.tgz",
      "integrity": "sha512-/2xvG6vDC+Us8h0baSa1siDKwPj5R2A7LldxxhK2339HInc09bq9shMVCUy9zqnuvwnDUJ/DSgkSaBoSHSZrqg=="
    },
    "angular-sanitize": {
      "version": "1.6.9",
      "resolved": "https://registry.npmjs.org/angular-sanitize/-/angular-sanitize-1.6.9.tgz",
      "integrity": "sha512-zWGQHWvmftkPTR0s6RCF9gx/pezR1V0swcVrkimMyBW3eK3ly7inG5BDDSt2oGExhWufV2VfnIv01T+tBUckNg=="
    },
    "chart.js": {
      "version": "2.7.2",
      "resolved": "https://registry.npmjs.org/chart.js/-/chart.js-2.7.2.tgz",
      "integrity": "sha512-90wl3V9xRZ8tnMvMlpcW+0Yg13BelsGS9P9t0ClaDxv/hdypHDr/YAGf+728m11P5ljwyB0ZHfPKCapZFqSqYA==",
      "requires": {
        "chartjs-color": "2.2.0",
        "moment": "2.21.0"
      }
    },
    "chartjs-color": {
      "version": "2.2.0",
      "resolved": "https://registry.npmjs.org/chartjs-color/-/chartjs-color-2.2.0.tgz",
      "integrity": "sha1-hKL7dVeH7YXDndbdjHsdiEKbrq4=",
      "requires": {
        "chartjs-color-string": "0.5.0",
        "color-convert": "0.5.3"
      }
    },
    "chartjs-color-string": {
      "version": "0.5.0",
      "resolved": "https://registry.npmjs.org/chartjs-color-string/-/chartjs-color-string-0.5.0.tgz",
      "integrity": "sha512-amWNvCOXlOUYxZVDSa0YOab5K/lmEhbFNKI55PWc4mlv28BDzA7zaoQTGxSBgJMHIW+hGX8YUrvw/FH4LyhwSQ==",
      "requires": {
        "color-name": "1.1.3"
      }
    },
    "color-convert": {
      "version": "0.5.3",
      "resolved": "https://registry.npmjs.org/color-convert/-/color-convert-0.5.3.tgz",
      "integrity": "sha1-vbbGnOZg+t/+CwAHzER+G59ygr0="
    },
    "color-name": {
      "version": "1.1.3",
      "resolved": "https://registry.npmjs.org/color-name/-/color-name-1.1.3.tgz",
      "integrity": "sha1-p9BVi9icQveV3UIyj3QIMcpTvCU="
    },
    "lodash": {
      "version": "4.17.5",
      "resolved": "https://registry.npmjs.org/lodash/-/lodash-4.17.5.tgz",
      "integrity": "sha512-svL3uiZf1RwhH+cWrfZn3A4+U58wbP0tGVTLQPbjplZxZ8ROD9VLuNgsRniTlLe7OlSqR79RUehXgpBW/s0IQw=="
    },
    "moment": {
      "version": "2.21.0",
      "resolved": "https://registry.npmjs.org/moment/-/moment-2.21.0.tgz",
      "integrity": "sha512-TCZ36BjURTeFTM/CwRcViQlfkMvL1/vFISuNLO5GkcVm1+QHfbSiNqZuWeMFjj1/3+uAjXswgRk30j1kkLYJBQ=="
    },
    "underscore": {
      "version": "1.8.3",
      "resolved": "https://registry.npmjs.org/underscore/-/underscore-1.8.3.tgz",
      "integrity": "sha1-Tz+1OxBuYJf8+ctBCfKl6b36UCI="
    }
  }
}
